
Microsoft Visual Studio Solution File, Format Version 12.00
# Visual Studio Version 17
VisualStudioVersion = 17.5.2.0
MinimumVisualStudioVersion = 10.0.40219.1
Project("{FAE04EC0-301F-11D3-BF4B-00C04F79EFBC}") = "procedural-game-world", "procedural-game-world.csproj", "{615B6D07-71A9-FE0F-175E-B8A34942B869}"
EndProject
Project("{FAE04EC0-301F-11D3-BF4B-00C04F79EFBC}") = "WorldGenerator.App", "WorldGenerator.App\WorldGenerator.App.csproj", "{C01030A0-D758-467C-A888-92F0ABD934EB}"
EndProject
Global
	GlobalSection(SolutionConfigurationPlatforms) = preSolution
		Debug|Any CPU = Debug|Any CPU
		Debug|x64 = Debug|x64
		Debug|x86 = Debug|x86
		Release|Any CPU = Release|Any CPU
		Release|x64 = Release|x64
		Release|x86 = Release|x86
	EndGlobalSection
	GlobalSection(ProjectConfigurationPlatforms) = postSolution
		{615B6D07-71A9-FE0F-175E-B8A34942B869}.Debug|Any CPU.ActiveCfg = Debug|Any CPU
		{615B6D07-71A9-FE0F-175E-B8A34942B869}.Debug|Any CPU.Build.0 = Debug|Any CPU
		{615B6D07-71A9-FE0F-175E-B8A34942B869}.Debug|x64.ActiveCfg = Debug|Any CPU
		{615B6D07-71A9-FE0F-175E-B8A34942B869}.Debug|x64.Build.0 = Debug|Any CPU
		{615B6D07-71A9-FE0F-175E-B8A34942B869}.Debug|x86.ActiveCfg = Debug|Any CPU
		{615B6D07-71A9-FE0F-175E-B8A34942B869}.Debug|x86.Build.0 = Debug|Any CPU
		{615B6D07-71A9-FE0F-175E-B8A34942B869}.Release|Any CPU.ActiveCfg = Release|Any CPU
		{615B6D07-71A9-FE0F-175E-B8A34942B869}.Release|Any CPU.Build.0 = Release|Any CPU
		{615B6D07-71A9-FE0F-175E-B8A34942B869}.Release|x64.ActiveCfg = Release|Any CPU
		{615B6D07-71A9-FE0F-175E-B8A34942B869}.Release|x64.Build.0 = Release|Any CPU
		{615B6D07-71A9-FE0F-175E-B8A34942B869}.Release|x86.ActiveCfg = Release|Any CPU
		{615B6D07-71A9-FE0F-175E-B8A34942B869}.Release|x86.Build.0 = Release|Any CPU
		{C01030A0-D758-467C-A888-92F0ABD934EB}.Debug|Any CPU.ActiveCfg = Debug|Any CPU
		{C01030A0-D758-467C-A888-92F0ABD934EB}.Debug|Any CPU.Build.0 = Debug|Any CPU
		{C01030A0-D758-467C-A888-92F0ABD934EB}.Debug|x64.ActiveCfg = Debug|Any CPU
		{C01030A0-D758-467C-A888-92F0ABD934EB}.Debug|x64.Build.0 = Debug|Any CPU
		{C01030A0-D758-467C-A888-92F0ABD934EB}.Debug|x86.ActiveCfg = Debug|Any CPU
		{C01030A0-D758-467C-A888-92F0ABD934EB}.Debug|x86.Build.0 = Debug|Any CPU
		{C01030A0-D758-467C-A888-92F0ABD934EB}.Release|Any CPU.ActiveCfg = Release|Any CPU
		{C01030A0-D758-467C-A888-92F0ABD934EB}.Release|Any CPU.Build.0 = Release|Any CPU
		{C01030A0-D758-467C-A888-92F0ABD934EB}.Release|x64.ActiveCfg = Release|Any CPU
		{C01030A0-D758-467C-A888-92F0ABD934EB}.Release|x64.Build.0 = Release|Any CPU
		{C01030A0-D758-467C-A888-92F0ABD934EB}.Release|x86.ActiveCfg = Release|Any CPU
		{C01030A0-D758-467C-A888-92F0ABD934EB}.Release|x86.Build.0 = Release|Any CPU
	EndGlobalSection
	GlobalSection(SolutionProperties) = preSolution
		HideSolutionNode = FALSE
	EndGlobalSection
	GlobalSection(ExtensibilityGlobals) = postSolution
		SolutionGuid = {542EF636-B775-4FB0-A89F-347DB9FB6731}
	EndGlobalSection
EndGlobal
